
Microsoft Visual Studio Solution File, Format Version 12.00
# Visual Studio 15
VisualStudioVersion = 15.0.28010.2046
MinimumVisualStudioVersion = 10.0.40219.1
Project("{FAE04EC0-301F-11D3-BF4B-00C04F79EFBC}") = "iS3_DataManager", "iS3_DataManager\iS3_DataManager.csproj", "{48EBF89C-97D4-4357-8320-A6DAFCD5B3D5}"
EndProject
Global
	GlobalSection(SolutionConfigurationPlatforms) = preSolution
		Debug|Any CPU = Debug|Any CPU
		Release|Any CPU = Release|Any CPU
	EndGlobalSection
	GlobalSection(ProjectConfigurationPlatforms) = postSolution
		{48EBF89C-97D4-4357-8320-A6DAFCD5B3D5}.Debug|Any CPU.ActiveCfg = Debug|Any CPU
		{48EBF89C-97D4-4357-8320-A6DAFCD5B3D5}.Debug|Any CPU.Build.0 = Debug|Any CPU
		{48EBF89C-97D4-4357-8320-A6DAFCD5B3D5}.Release|Any CPU.ActiveCfg = Release|Any CPU
		{48EBF89C-97D4-4357-8320-A6DAFCD5B3D5}.Release|Any CPU.Build.0 = Release|Any CPU
	EndGlobalSection
	GlobalSection(SolutionProperties) = preSolution
		HideSolutionNode = FALSE
	EndGlobalSection
	GlobalSection(ExtensibilityGlobals) = postSolution
		SolutionGuid = {FBDD3E5F-937A-4E35-B69B-0A34597E028C}
	EndGlobalSection
EndGlobal
